
Microsoft Visual Studio Solution File, Format Version 12.00
# Visual Studio Version 17
VisualStudioVersion = 17.8.34511.84
MinimumVisualStudioVersion = 10.0.40219.1
Project("{FAE04EC0-301F-11D3-BF4B-00C04F79EFBC}") = "MountainRescueApp", "MountainRescueApp.csproj", "{BFA8C52F-192A-4628-A854-9FBCD61A18F5}"
EndProject
Global
	GlobalSection(SolutionConfigurationPlatforms) = preSolution
		Debug|Any CPU = Debug|Any CPU
		Release|Any CPU = Release|Any CPU
	EndGlobalSection
	GlobalSection(ProjectConfigurationPlatforms) = postSolution
		{BFA8C52F-192A-4628-A854-9FBCD61A18F5}.Debug|Any CPU.ActiveCfg = Debug|Any CPU
		{BFA8C52F-192A-4628-A854-9FBCD61A18F5}.Debug|Any CPU.Build.0 = Debug|Any CPU
		{BFA8C52F-192A-4628-A854-9FBCD61A18F5}.Debug|Any CPU.Deploy.0 = Debug|Any CPU
		{BFA8C52F-192A-4628-A854-9FBCD61A18F5}.Release|Any CPU.ActiveCfg = Release|Any CPU
		{BFA8C52F-192A-4628-A854-9FBCD61A18F5}.Release|Any CPU.Build.0 = Release|Any CPU
		{BFA8C52F-192A-4628-A854-9FBCD61A18F5}.Release|Any CPU.Deploy.0 = Release|Any CPU
	EndGlobalSection
	GlobalSection(SolutionProperties) = preSolution
		HideSolutionNode = FALSE
	EndGlobalSection
	GlobalSection(ExtensibilityGlobals) = postSolution
		SolutionGuid = {2BD53282-03E9-4B0A-A392-D84AC8BD4048}
	EndGlobalSection
EndGlobal
